// !$*UTF8*$!
{
	archiveVersion = 1;
	classes = {
	};
	objectVersion = 50;
	objects = {

/* Begin PBXBuildFile section */
		682A8F5722071E2F00202CF6 /* AppDelegate.swift in Sources */ = {isa = PBXBuildFile; fileRef = 682A8F5622071E2F00202CF6 /* AppDelegate.swift */; };
		682A8F5922071E2F00202CF6 /* ViewController.swift in Sources */ = {isa = PBXBuildFile; fileRef = 682A8F5822071E2F00202CF6 /* ViewController.swift */; };
		682A8F5C22071E2F00202CF6 /* Main.storyboard in Resources */ = {isa = PBXBuildFile; fileRef = 682A8F5A22071E2F00202CF6 /* Main.storyboard */; };
		682A8F5E22071E3300202CF6 /* Assets.xcassets in Resources */ = {isa = PBXBuildFile; fileRef = 682A8F5D22071E3300202CF6 /* Assets.xcassets */; };
		682A8F6122071E3300202CF6 /* LaunchScreen.storyboard in Resources */ = {isa = PBXBuildFile; fileRef = 682A8F5F22071E3300202CF6 /* LaunchScreen.storyboard */; };
		682A8F6D22071E9B00202CF6 /* OnBoardingCollectionViewCell.swift in Sources */ = {isa = PBXBuildFile; fileRef = 682A8F6B22071E9B00202CF6 /* OnBoardingCollectionViewCell.swift */; };
		682A8F6E22071E9B00202CF6 /* OnBoardingCollectionViewCell.xib in Resources */ = {isa = PBXBuildFile; fileRef = 682A8F6C22071E9B00202CF6 /* OnBoardingCollectionViewCell.xib */; };
		682A8F7122071FA000202CF6 /* OnBoarding.swift in Sources */ = {isa = PBXBuildFile; fileRef = 682A8F7022071FA000202CF6 /* OnBoarding.swift */; };
		7AEC4004229D9C6B00D21811 /* MyViewController.swift in Sources */ = {isa = PBXBuildFile; fileRef = 7AEC4003229D9C6B00D21811 /* MyViewController.swift */; };
		7AEC4006229D9C8800D21811 /* MyCollectionViewCell.swift in Sources */ = {isa = PBXBuildFile; fileRef = 7AEC4005229D9C8800D21811 /* MyCollectionViewCell.swift */; };
		7AEC4008229D9DFA00D21811 /* OnboardingController.swift in Sources */ = {isa = PBXBuildFile; fileRef = 7AEC4007229D9DFA00D21811 /* OnboardingController.swift */; };
		7AEC400A229DBF2600D21811 /* StartViewController.swift in Sources */ = {isa = PBXBuildFile; fileRef = 7AEC4009229DBF2600D21811 /* StartViewController.swift */; };
/* End PBXBuildFile section */

/* Begin PBXFileReference section */
		682A8F5322071E2F00202CF6 /* OnBoarding.app */ = {isa = PBXFileReference; explicitFileType = wrapper.application; includeInIndex = 0; path = OnBoarding.app; sourceTree = BUILT_PRODUCTS_DIR; };
		682A8F5622071E2F00202CF6 /* AppDelegate.swift */ = {isa = PBXFileReference; lastKnownFileType = sourcecode.swift; path = AppDelegate.swift; sourceTree = "<group>"; };
		682A8F5822071E2F00202CF6 /* ViewController.swift */ = {isa = PBXFileReference; lastKnownFileType = sourcecode.swift; path = ViewController.swift; sourceTree = "<group>"; };
		682A8F5B22071E2F00202CF6 /* Base */ = {isa = PBXFileReference; lastKnownFileType = file.storyboard; name = Base; path = Base.lproj/Main.storyboard; sourceTree = "<group>"; };
		682A8F5D22071E3300202CF6 /* Assets.xcassets */ = {isa = PBXFileReference; lastKnownFileType = folder.assetcatalog; path = Assets.xcassets; sourceTree = "<group>"; };
		682A8F6022071E3300202CF6 /* Base */ = {isa = PBXFileReference; lastKnownFileType = file.storyboard; name = Base; path = Base.lproj/LaunchScreen.storyboard; sourceTree = "<group>"; };
		682A8F6222071E3300202CF6 /* Info.plist */ = {isa = PBXFileReference; lastKnownFileType = text.plist.xml; path = Info.plist; sourceTree = "<group>"; };
		682A8F6B22071E9B00202CF6 /* OnBoardingCollectionViewCell.swift */ = {isa = PBXFileReference; lastKnownFileType = sourcecode.swift; path = OnBoardingCollectionViewCell.swift; sourceTree = "<group>"; };
		682A8F6C22071E9B00202CF6 /* OnBoardingCollectionViewCell.xib */ = {isa = PBXFileReference; lastKnownFileType = file.xib; path = OnBoardingCollectionViewCell.xib; sourceTree = "<group>"; };
		682A8F7022071FA000202CF6 /* OnBoarding.swift */ = {isa = PBXFileReference; lastKnownFileType = sourcecode.swift; path = OnBoarding.swift; sourceTree = "<group>"; };
		7AEC4003229D9C6B00D21811 /* MyViewController.swift */ = {isa = PBXFileReference; lastKnownFileType = sourcecode.swift; path = MyViewController.swift; sourceTree = "<group>"; };
		7AEC4005229D9C8800D21811 /* MyCollectionViewCell.swift */ = {isa = PBXFileReference; lastKnownFileType = sourcecode.swift; path = MyCollectionViewCell.swift; sourceTree = "<group>"; };
		7AEC4007229D9DFA00D21811 /* OnboardingController.swift */ = {isa = PBXFileReference; lastKnownFileType = sourcecode.swift; path = OnboardingController.swift; sourceTree = "<group>"; };
		7AEC4009229DBF2600D21811 /* StartViewController.swift */ = {isa = PBXFileReference; lastKnownFileType = sourcecode.swift; path = StartViewController.swift; sourceTree = "<group>"; };
/* End PBXFileReference section */

/* Begin PBXFrameworksBuildPhase section */
		682A8F5022071E2F00202CF6 /* Frameworks */ = {
			isa = PBXFrameworksBuildPhase;
			buildActionMask = 2147483647;
			files = (
			);
			runOnlyForDeploymentPostprocessing = 0;
		};
/* End PBXFrameworksBuildPhase section */

/* Begin PBXGroup section */
		682A8F4A22071E2F00202CF6 = {
			isa = PBXGroup;
			children = (
				682A8F5522071E2F00202CF6 /* OnBoarding */,
				682A8F5422071E2F00202CF6 /* Products */,
			);
			sourceTree = "<group>";
		};
		682A8F5422071E2F00202CF6 /* Products */ = {
			isa = PBXGroup;
			children = (
				682A8F5322071E2F00202CF6 /* OnBoarding.app */,
			);
			name = Products;
			sourceTree = "<group>";
		};
		682A8F5522071E2F00202CF6 /* OnBoarding */ = {
			isa = PBXGroup;
			children = (
				682A8F6F22071F9600202CF6 /* Models */,
				682A8F6822071E6500202CF6 /* Application */,
				682A8F6922071E6D00202CF6 /* Controllers */,
				7AEC400B229DBF2E00D21811 /* View Controllers */,
				682A8F5A22071E2F00202CF6 /* Main.storyboard */,
				682A8F5D22071E3300202CF6 /* Assets.xcassets */,
				682A8F5F22071E3300202CF6 /* LaunchScreen.storyboard */,
				682A8F6222071E3300202CF6 /* Info.plist */,
				7AEC4007229D9DFA00D21811 /* OnboardingController.swift */,
			);
			path = OnBoarding;
			sourceTree = "<group>";
		};
		682A8F6822071E6500202CF6 /* Application */ = {
			isa = PBXGroup;
			children = (
				682A8F5622071E2F00202CF6 /* AppDelegate.swift */,
			);
			path = Application;
			sourceTree = "<group>";
		};
		682A8F6922071E6D00202CF6 /* Controllers */ = {
			isa = PBXGroup;
			children = (
				682A8F6A22071E7B00202CF6 /* Cells */,
			);
			path = Controllers;
			sourceTree = "<group>";
		};
		682A8F6A22071E7B00202CF6 /* Cells */ = {
			isa = PBXGroup;
			children = (
				682A8F6B22071E9B00202CF6 /* OnBoardingCollectionViewCell.swift */,
				682A8F6C22071E9B00202CF6 /* OnBoardingCollectionViewCell.xib */,
				7AEC4005229D9C8800D21811 /* MyCollectionViewCell.swift */,
			);
			path = Cells;
			sourceTree = "<group>";
		};
		682A8F6F22071F9600202CF6 /* Models */ = {
			isa = PBXGroup;
			children = (
				682A8F7022071FA000202CF6 /* OnBoarding.swift */,
			);
			path = Models;
			sourceTree = "<group>";
		};
		7AEC400B229DBF2E00D21811 /* View Controllers */ = {
			isa = PBXGroup;
			children = (
				682A8F5822071E2F00202CF6 /* ViewController.swift */,
				7AEC4003229D9C6B00D21811 /* MyViewController.swift */,
				7AEC4009229DBF2600D21811 /* StartViewController.swift */,
			);
			path = "View Controllers";
			sourceTree = "<group>";
		};
/* End PBXGroup section */

/* Begin PBXNativeTarget section */
		682A8F5222071E2F00202CF6 /* OnBoarding */ = {
			isa = PBXNativeTarget;
			buildConfigurationList = 682A8F6522071E3300202CF6 /* Build configuration list for PBXNativeTarget "OnBoarding" */;
			buildPhases = (
				682A8F4F22071E2F00202CF6 /* Sources */,
				682A8F5022071E2F00202CF6 /* Frameworks */,
				682A8F5122071E2F00202CF6 /* Resources */,
			);
			buildRules = (
			);
			dependencies = (
			);
			name = OnBoarding;
			productName = OnBoarding;
			productReference = 682A8F5322071E2F00202CF6 /* OnBoarding.app */;
			productType = "com.apple.product-type.application";
		};
/* End PBXNativeTarget section */

/* Begin PBXProject section */
		682A8F4B22071E2F00202CF6 /* Project object */ = {
			isa = PBXProject;
			attributes = {
				LastSwiftUpdateCheck = 1010;
				LastUpgradeCheck = 1010;
				ORGANIZATIONNAME = "Umair Afzal";
				TargetAttributes = {
					682A8F5222071E2F00202CF6 = {
						CreatedOnToolsVersion = 10.1;
						LastSwiftMigration = 1020;
					};
				};
			};
			buildConfigurationList = 682A8F4E22071E2F00202CF6 /* Build configuration list for PBXProject "OnBoarding" */;
			compatibilityVersion = "Xcode 9.3";
			developmentRegion = en;
			hasScannedForEncodings = 0;
			knownRegions = (
				en,
				Base,
			);
			mainGroup = 682A8F4A22071E2F00202CF6;
			productRefGroup = 682A8F5422071E2F00202CF6 /* Products */;
			projectDirPath = "";
			projectRoot = "";
			targets = (
				682A8F5222071E2F00202CF6 /* OnBoarding */,
			);
		};
/* End PBXProject section */

/* Begin PBXResourcesBuildPhase section */
		682A8F5122071E2F00202CF6 /* Resources */ = {
			isa = PBXResourcesBuildPhase;
			buildActionMask = 2147483647;
			files = (
				682A8F6122071E3300202CF6 /* LaunchScreen.storyboard in Resources */,
				682A8F5E22071E3300202CF6 /* Assets.xcassets in Resources */,
				682A8F6E22071E9B00202CF6 /* OnBoardingCollectionViewCell.xib in Resources */,
				682A8F5C22071E2F00202CF6 /* Main.storyboard in Resources */,
			);
			runOnlyForDeploymentPostprocessing = 0;
		};
/* End PBXResourcesBuildPhase section */

/* Begin PBXSourcesBuildPhase section */
		682A8F4F22071E2F00202CF6 /* Sources */ = {
			isa = PBXSourcesBuildPhase;
			buildActionMask = 2147483647;
			files = (
				682A8F6D22071E9B00202CF6 /* OnBoardingCollectionViewCell.swift in Sources */,
				7AEC400A229DBF2600D21811 /* StartViewController.swift in Sources */,
				682A8F5922071E2F00202CF6 /* ViewController.swift in Sources */,
				7AEC4006229D9C8800D21811 /* MyCollectionViewCell.swift in Sources */,
				7AEC4008229D9DFA00D21811 /* OnboardingController.swift in Sources */,
				682A8F7122071FA000202CF6 /* OnBoarding.swift in Sources */,
				7AEC4004229D9C6B00D21811 /* MyViewController.swift in Sources */,
				682A8F5722071E2F00202CF6 /* AppDelegate.swift in Sources */,
			);
			runOnlyForDeploymentPostprocessing = 0;
		};
/* End PBXSourcesBuildPhase section */

/* Begin PBXVariantGroup section */
		682A8F5A22071E2F00202CF6 /* Main.storyboard */ = {
			isa = PBXVariantGroup;
			children = (
				682A8F5B22071E2F00202CF6 /* Base */,
			);
			name = Main.storyboard;
			sourceTree = "<group>";
		};
		682A8F5F22071E3300202CF6 /* LaunchScreen.storyboard */ = {
			isa = PBXVariantGroup;
			children = (
				682A8F6022071E3300202CF6 /* Base */,
			);
			name = LaunchScreen.storyboard;
			sourceTree = "<group>";
		};
/* End PBXVariantGroup section */

/* Begin XCBuildConfiguration section */
		682A8F6322071E3300202CF6 /* Debug */ = {
			isa = XCBuildConfiguration;
			buildSettings = {
				ALWAYS_SEARCH_USER_PATHS = NO;
				CLANG_ANALYZER_NONNULL = YES;
				CLANG_ANALYZER_NUMBER_OBJECT_CONVERSION = YES_AGGRESSIVE;
				CLANG_CXX_LANGUAGE_STANDARD = "gnu++14";
				CLANG_CXX_LIBRARY = "libc++";
				CLANG_ENABLE_MODULES = YES;
				CLANG_ENABLE_OBJC_ARC = YES;
				CLANG_ENABLE_OBJC_WEAK = YES;
				CLANG_WARN_BLOCK_CAPTURE_AUTORELEASING = YES;
				CLANG_WARN_BOOL_CONVERSION = YES;
				CLANG_WARN_COMMA = YES;
				CLANG_WARN_CONSTANT_CONVERSION = YES;
				CLANG_WARN_DEPRECATED_OBJC_IMPLEMENTATIONS = YES;
				CLANG_WARN_DIRECT_OBJC_ISA_USAGE = YES_ERROR;
				CLANG_WARN_DOCUMENTATION_COMMENTS = YES;
				CLANG_WARN_EMPTY_BODY = YES;
				CLANG_WARN_ENUM_CONVERSION = YES;
				CLANG_WARN_INFINITE_RECURSION = YES;
				CLANG_WARN_INT_CONVERSION = YES;
				CLANG_WARN_NON_LITERAL_NULL_CONVERSION = YES;
				CLANG_WARN_OBJC_IMPLICIT_RETAIN_SELF = YES;
				CLANG_WARN_OBJC_LITERAL_CONVERSION = YES;
				CLANG_WARN_OBJC_ROOT_CLASS = YES_ERROR;
				CLANG_WARN_RANGE_LOOP_ANALYSIS = YES;
				CLANG_WARN_STRICT_PROTOTYPES = YES;
				CLANG_WARN_SUSPICIOUS_MOVE = YES;
				CLANG_WARN_UNGUARDED_AVAILABILITY = YES_AGGRESSIVE;
				CLANG_WARN_UNREACHABLE_CODE = YES;
				CLANG_WARN__DUPLICATE_METHOD_MATCH = YES;
				CODE_SIGN_IDENTITY = "iPhone Developer";
				COPY_PHASE_STRIP = NO;
				DEBUG_INFORMATION_FORMAT = dwarf;
				ENABLE_STRICT_OBJC_MSGSEND = YES;
				ENABLE_TESTABILITY = YES;
				GCC_C_LANGUAGE_STANDARD = gnu11;
				GCC_DYNAMIC_NO_PIC = NO;
				GCC_NO_COMMON_BLOCKS = YES;
				GCC_OPTIMIZATION_LEVEL = 0;
				GCC_PREPROCESSOR_DEFINITIONS = (
					"DEBUG=1",
					"$(inherited)",
				);
				GCC_WARN_64_TO_32_BIT_CONVERSION = YES;
				GCC_WARN_ABOUT_RETURN_TYPE = YES_ERROR;
				GCC_WARN_UNDECLARED_SELECTOR = YES;
				GCC_WARN_UNINITIALIZED_AUTOS = YES_AGGRESSIVE;
				GCC_WARN_UNUSED_FUNCTION = YES;
				GCC_WARN_UNUSED_VARIABLE = YES;
				IPHONEOS_DEPLOYMENT_TARGET = 12.1;
				MTL_ENABLE_DEBUG_INFO = INCLUDE_SOURCE;
				MTL_FAST_MATH = YES;
				ONLY_ACTIVE_ARCH = YES;
				SDKROOT = iphoneos;
				SWIFT_ACTIVE_COMPILATION_CONDITIONS = DEBUG;
				SWIFT_OPTIMIZATION_LEVEL = "-Onone";
			};
			name = Debug;
		};
		682A8F6422071E3300202CF6 /* Release */ = {
			isa = XCBuildConfiguration;
			buildSettings = {
				ALWAYS_SEARCH_USER_PATHS = NO;
				CLANG_ANALYZER_NONNULL = YES;
				CLANG_ANALYZER_NUMBER_OBJECT_CONVERSION = YES_AGGRESSIVE;
				CLANG_CXX_LANGUAGE_STANDARD = "gnu++14";
				CLANG_CXX_LIBRARY = "libc++";
				CLANG_ENABLE_MODULES = YES;
				CLANG_ENABLE_OBJC_ARC = YES;
				CLANG_ENABLE_OBJC_WEAK = YES;
				CLANG_WARN_BLOCK_CAPTURE_AUTORELEASING = YES;
				CLANG_WARN_BOOL_CONVERSION = YES;
				CLANG_WARN_COMMA = YES;
				CLANG_WARN_CONSTANT_CONVERSION = YES;
				CLANG_WARN_DEPRECATED_OBJC_IMPLEMENTATIONS = YES;
				CLANG_WARN_DIRECT_OBJC_ISA_USAGE = YES_ERROR;
				CLANG_WARN_DOCUMENTATION_COMMENTS = YES;
				CLANG_WARN_EMPTY_BODY = YES;
				CLANG_WARN_ENUM_CONVERSION = YES;
				CLANG_WARN_INFINITE_RECURSION = YES;
				CLANG_WARN_INT_CONVERSION = YES;
				CLANG_WARN_NON_LITERAL_NULL_CONVERSION = YES;
				CLANG_WARN_OBJC_IMPLICIT_RETAIN_SELF = YES;
				CLANG_WARN_OBJC_LITERAL_CONVERSION = YES;
				CLANG_WARN_OBJC_ROOT_CLASS = YES_ERROR;
				CLANG_WARN_RANGE_LOOP_ANALYSIS = YES;
				CLANG_WARN_STRICT_PROTOTYPES = YES;
				CLANG_WARN_SUSPICIOUS_MOVE = YES;
				CLANG_WARN_UNGUARDED_AVAILABILITY = YES_AGGRESSIVE;
				CLANG_WARN_UNREACHABLE_CODE = YES;
				CLANG_WARN__DUPLICATE_METHOD_MATCH = YES;
				CODE_SIGN_IDENTITY = "iPhone Developer";
				COPY_PHASE_STRIP = NO;
				DEBUG_INFORMATION_FORMAT = "dwarf-with-dsym";
				ENABLE_NS_ASSERTIONS = NO;
				ENABLE_STRICT_OBJC_MSGSEND = YES;
				GCC_C_LANGUAGE_STANDARD = gnu11;
				GCC_NO_COMMON_BLOCKS = YES;
				GCC_WARN_64_TO_32_BIT_CONVERSION = YES;
				GCC_WARN_ABOUT_RETURN_TYPE = YES_ERROR;
				GCC_WARN_UNDECLARED_SELECTOR = YES;
				GCC_WARN_UNINITIALIZED_AUTOS = YES_AGGRESSIVE;
				GCC_WARN_UNUSED_FUNCTION = YES;
				GCC_WARN_UNUSED_VARIABLE = YES;
				IPHONEOS_DEPLOYMENT_TARGET = 12.1;
				MTL_ENABLE_DEBUG_INFO = NO;
				MTL_FAST_MATH = YES;
				SDKROOT = iphoneos;
				SWIFT_COMPILATION_MODE = wholemodule;
				SWIFT_OPTIMIZATION_LEVEL = "-O";
				VALIDATE_PRODUCT = YES;
			};
			name = Release;
		};
		682A8F6622071E3300202CF6 /* Debug */ = {
			isa = XCBuildConfiguration;
			buildSettings = {
				ASSETCATALOG_COMPILER_APPICON_NAME = AppIcon;
				CODE_SIGN_IDENTITY = "iPhone Developer";
				CODE_SIGN_STYLE = Manual;
				DEVELOPMENT_TEAM = "";
				INFOPLIST_FILE = OnBoarding/Info.plist;
				IPHONEOS_DEPLOYMENT_TARGET = 11.0;
				LD_RUNPATH_SEARCH_PATHS = (
					"$(inherited)",
					"@executable_path/Frameworks",
				);
				PRODUCT_BUNDLE_IDENTIFIER = UmairAfzal.OnBoarding;
				PRODUCT_NAME = "$(TARGET_NAME)";
				PROVISIONING_PROFILE_SPECIFIER = "";
				SWIFT_VERSION = 5.0;
				TARGETED_DEVICE_FAMILY = 1;
			};
			name = Debug;
		};
		682A8F6722071E3300202CF6 /* Release */ = {
			isa = XCBuildConfiguration;
			buildSettings = {
				ASSETCATALOG_COMPILER_APPICON_NAME = AppIcon;
				CODE_SIGN_IDENTITY = "iPhone Developer";
				CODE_SIGN_STYLE = Manual;
				DEVELOPMENT_TEAM = "";
				INFOPLIST_FILE = OnBoarding/Info.plist;
				IPHONEOS_DEPLOYMENT_TARGET = 11.0;
				LD_RUNPATH_SEARCH_PATHS = (
					"$(inherited)",
					"@executable_path/Frameworks",
				);
				PRODUCT_BUNDLE_IDENTIFIER = UmairAfzal.OnBoarding;
				PRODUCT_NAME = "$(TARGET_NAME)";
				PROVISIONING_PROFILE_SPECIFIER = "";
				SWIFT_VERSION = 5.0;
				TARGETED_DEVICE_FAMILY = 1;
			};
			name = Release;
		};
/* End XCBuildConfiguration section */

/* Begin XCConfigurationList section */
		682A8F4E22071E2F00202CF6 /* Build configuration list for PBXProject "OnBoarding" */ = {
			isa = XCConfigurationList;
			buildConfigurations = (
				682A8F6322071E3300202CF6 /* Debug */,
				682A8F6422071E3300202CF6 /* Release */,
			);
			defaultConfigurationIsVisible = 0;
			defaultConfigurationName = Release;
		};
		682A8F6522071E3300202CF6 /* Build configuration list for PBXNativeTarget "OnBoarding" */ = {
			isa = XCConfigurationList;
			buildConfigurations = (
				682A8F6622071E3300202CF6 /* Debug */,
				682A8F6722071E3300202CF6 /* Release */,
			);
			defaultConfigurationIsVisible = 0;
			defaultConfigurationName = Release;
		};
/* End XCConfigurationList section */
	};
	rootObject = 682A8F4B22071E2F00202CF6 /* Project object */;
}
